
Microsoft Visual Studio Solution File, Format Version 12.00
# Visual Studio Version 17
VisualStudioVersion = 17.3.32922.545
MinimumVisualStudioVersion = 10.0.40219.1
Project("{FAE04EC0-301F-11D3-BF4B-00C04F79EFBC}") = "BaZiFuZuGongJu", "BaZiFuZuGongJu.csproj", "{E5D006AB-C9B0-4E05-815E-4D0915AF21BA}"
EndProject
Global
	GlobalSection(SolutionConfigurationPlatforms) = preSolution
		Debug|Any CPU = Debug|Any CPU
		Release|Any CPU = Release|Any CPU
	EndGlobalSection
	GlobalSection(ProjectConfigurationPlatforms) = postSolution
		{E5D006AB-C9B0-4E05-815E-4D0915AF21BA}.Debug|Any CPU.ActiveCfg = Debug|Any CPU
		{E5D006AB-C9B0-4E05-815E-4D0915AF21BA}.Debug|Any CPU.Build.0 = Debug|Any CPU
		{E5D006AB-C9B0-4E05-815E-4D0915AF21BA}.Release|Any CPU.ActiveCfg = Release|Any CPU
		{E5D006AB-C9B0-4E05-815E-4D0915AF21BA}.Release|Any CPU.Build.0 = Release|Any CPU
	EndGlobalSection
	GlobalSection(SolutionProperties) = preSolution
		HideSolutionNode = FALSE
	EndGlobalSection
	GlobalSection(ExtensibilityGlobals) = postSolution
		SolutionGuid = {6F2E9F32-75C6-4AC3-AA29-BCCE66C9BF60}
	EndGlobalSection
EndGlobal
